
Microsoft Visual Studio Solution File, Format Version 12.00
# Visual Studio Version 16
VisualStudioVersion = 16.0.30804.86
MinimumVisualStudioVersion = 10.0.40219.1
Project("{9A19103F-16F7-4668-BE54-9A1E7A4F7556}") = "cmkts.BlogPage.Entity", "cmkts.BlogPage.Entity\cmkts.BlogPage.Entity.csproj", "{7A3E4E02-179C-4F04-8ECF-466D8DE8353B}"
EndProject
Project("{9A19103F-16F7-4668-BE54-9A1E7A4F7556}") = "cmkts.BlogPage.DataAccess", "cmkts.BlogPage.DataAccess\cmkts.BlogPage.DataAccess.csproj", "{7B39A80B-E2CE-487E-82F1-08CAA92A1749}"
EndProject
Project("{9A19103F-16F7-4668-BE54-9A1E7A4F7556}") = "cmkts.BlogPage.Service", "cmkts.BlogPage.Service\cmkts.BlogPage.Service.csproj", "{E558AD3F-6E50-4232-8959-7851D4EB29A9}"
EndProject
Project("{9A19103F-16F7-4668-BE54-9A1E7A4F7556}") = "cmkts.BlogPage.WebAPI", "cmkts.BlogPage.WebAPI\cmkts.BlogPage.WebAPI.csproj", "{6836D24B-3700-43DB-877B-57C2BAA1D946}"
EndProject
Global
	GlobalSection(SolutionConfigurationPlatforms) = preSolution
		Debug|Any CPU = Debug|Any CPU
		Release|Any CPU = Release|Any CPU
	EndGlobalSection
	GlobalSection(ProjectConfigurationPlatforms) = postSolution
		{7A3E4E02-179C-4F04-8ECF-466D8DE8353B}.Debug|Any CPU.ActiveCfg = Debug|Any CPU
		{7A3E4E02-179C-4F04-8ECF-466D8DE8353B}.Debug|Any CPU.Build.0 = Debug|Any CPU
		{7A3E4E02-179C-4F04-8ECF-466D8DE8353B}.Release|Any CPU.ActiveCfg = Release|Any CPU
		{7A3E4E02-179C-4F04-8ECF-466D8DE8353B}.Release|Any CPU.Build.0 = Release|Any CPU
		{7B39A80B-E2CE-487E-82F1-08CAA92A1749}.Debug|Any CPU.ActiveCfg = Debug|Any CPU
		{7B39A80B-E2CE-487E-82F1-08CAA92A1749}.Debug|Any CPU.Build.0 = Debug|Any CPU
		{7B39A80B-E2CE-487E-82F1-08CAA92A1749}.Release|Any CPU.ActiveCfg = Release|Any CPU
		{7B39A80B-E2CE-487E-82F1-08CAA92A1749}.Release|Any CPU.Build.0 = Release|Any CPU
		{E558AD3F-6E50-4232-8959-7851D4EB29A9}.Debug|Any CPU.ActiveCfg = Debug|Any CPU
		{E558AD3F-6E50-4232-8959-7851D4EB29A9}.Debug|Any CPU.Build.0 = Debug|Any CPU
		{E558AD3F-6E50-4232-8959-7851D4EB29A9}.Release|Any CPU.ActiveCfg = Release|Any CPU
		{E558AD3F-6E50-4232-8959-7851D4EB29A9}.Release|Any CPU.Build.0 = Release|Any CPU
		{6836D24B-3700-43DB-877B-57C2BAA1D946}.Debug|Any CPU.ActiveCfg = Debug|Any CPU
		{6836D24B-3700-43DB-877B-57C2BAA1D946}.Debug|Any CPU.Build.0 = Debug|Any CPU
		{6836D24B-3700-43DB-877B-57C2BAA1D946}.Release|Any CPU.ActiveCfg = Release|Any CPU
		{6836D24B-3700-43DB-877B-57C2BAA1D946}.Release|Any CPU.Build.0 = Release|Any CPU
	EndGlobalSection
	GlobalSection(SolutionProperties) = preSolution
		HideSolutionNode = FALSE
	EndGlobalSection
	GlobalSection(ExtensibilityGlobals) = postSolution
		SolutionGuid = {E148EC08-CE52-421B-A3F7-ADA5A74B69AA}
	EndGlobalSection
EndGlobal
